
Microsoft Visual Studio Solution File, Format Version 11.00
# Visual Studio 2010
Project("{FAE04EC0-301F-11D3-BF4B-00C04F79EFBC}") = "ConnectFourth", "ConnectFourth\ConnectFourth.csproj", "{03B33F67-3806-411F-A05F-3355B4FA3EF7}"
EndProject
Global
	GlobalSection(SolutionConfigurationPlatforms) = preSolution
		Debug|x86 = Debug|x86
		Release|x86 = Release|x86
	EndGlobalSection
	GlobalSection(ProjectConfigurationPlatforms) = postSolution
		{03B33F67-3806-411F-A05F-3355B4FA3EF7}.Debug|x86.ActiveCfg = Release|x86
		{03B33F67-3806-411F-A05F-3355B4FA3EF7}.Debug|x86.Build.0 = Release|x86
		{03B33F67-3806-411F-A05F-3355B4FA3EF7}.Release|x86.ActiveCfg = Release|x86
		{03B33F67-3806-411F-A05F-3355B4FA3EF7}.Release|x86.Build.0 = Release|x86
	EndGlobalSection
	GlobalSection(SolutionProperties) = preSolution
		HideSolutionNode = FALSE
	EndGlobalSection
EndGlobal
